# This file is automatically @generated by Wally.
# It is not intended for manual editing.
registry = "test"

[[package]]
name = "cluelessd3v/remotehub"
version = "0.2.0"
dependencies = [["loader", "sleitnick/loader@2.0.0"], ["stew", "solarscuffle-bot/stew@1.1.0"]]

[[package]]
name = "sleitnick/loader"
version = "2.0.0"
dependencies = []

[[package]]
name = "solarscuffle-bot/stew"
version = "1.1.0"
dependencies = []
