# This file is automatically @generated by Wally.
# It is not intended for manual editing.
registry = "test"

[[package]]
name = "cluelessd3v/remotehub"
version = "0.1.4"
dependencies = [["stew", "solarscuffle-bot/stew@1.0.6"]]

[[package]]
name = "solarscuffle-bot/stew"
version = "1.0.6"
dependencies = []
